
Microsoft Visual Studio Solution File, Format Version 12.00
# Visual Studio Version 16
VisualStudioVersion = 16.0.31424.327
MinimumVisualStudioVersion = 10.0.40219.1
Project("{2150E333-8FDC-42A3-9474-1A3956D46DE8}") = "src", "src", "{0E7A7F9E-6354-45E7-9B70-E1E118BC060B}"
EndProject
Project("{2150E333-8FDC-42A3-9474-1A3956D46DE8}") = "Assessment.Mvc", "Assessment.Mvc", "{CE076165-1BFD-4022-93F1-0C70FF95DA72}"
EndProject
Project("{9A19103F-16F7-4668-BE54-9A1E7A4F7556}") = "HiresHoldingsAssesment", "src\Assesment.Mvc\HiresHoldingsAssesment.csproj", "{3015BC79-1105-4665-988A-C0064F4330FA}"
EndProject
Global
	GlobalSection(SolutionConfigurationPlatforms) = preSolution
		Debug|Any CPU = Debug|Any CPU
		Release|Any CPU = Release|Any CPU
	EndGlobalSection
	GlobalSection(ProjectConfigurationPlatforms) = postSolution
		{3015BC79-1105-4665-988A-C0064F4330FA}.Debug|Any CPU.ActiveCfg = Debug|Any CPU
		{3015BC79-1105-4665-988A-C0064F4330FA}.Debug|Any CPU.Build.0 = Debug|Any CPU
		{3015BC79-1105-4665-988A-C0064F4330FA}.Release|Any CPU.ActiveCfg = Release|Any CPU
		{3015BC79-1105-4665-988A-C0064F4330FA}.Release|Any CPU.Build.0 = Release|Any CPU
	EndGlobalSection
	GlobalSection(SolutionProperties) = preSolution
		HideSolutionNode = FALSE
	EndGlobalSection
	GlobalSection(NestedProjects) = preSolution
		{CE076165-1BFD-4022-93F1-0C70FF95DA72} = {0E7A7F9E-6354-45E7-9B70-E1E118BC060B}
		{3015BC79-1105-4665-988A-C0064F4330FA} = {CE076165-1BFD-4022-93F1-0C70FF95DA72}
	EndGlobalSection
	GlobalSection(ExtensibilityGlobals) = postSolution
		SolutionGuid = {345F5080-2AD2-43B0-829F-48E10178B75D}
	EndGlobalSection
EndGlobal
